
Microsoft Visual Studio Solution File, Format Version 12.00
# Visual Studio 14
VisualStudioVersion = 14.0.25420.1
MinimumVisualStudioVersion = 10.0.40219.1
Project("{2150E333-8FDC-42A3-9474-1A3956D46DE8}") = "NuGet", "NuGet", "{46C1C240-9478-401B-B6C2-3BFC9F9FB0A5}"
EndProject
Project("{FAE04EC0-301F-11D3-BF4B-00C04F79EFBC}") = "Test.Gateway.Client", "Test.Gateway.Client\Test.Gateway.Client.csproj", "{95777C31-1698-4EB5-B86E-1394DB9FBF76}"
EndProject
Project("{FF286327-C783-4F7A-AB73-9BCBAD0D4460}") = "GameCloud.Orleans.Gateway", "NuGet\GameCloud.Orleans.Gateway\GameCloud.Orleans.Gateway.nuproj", "{20BF1364-332F-4D82-A989-036F5C7EDE09}"
EndProject
Project("{FAE04EC0-301F-11D3-BF4B-00C04F79EFBC}") = "GameCloud.Orleans.Gateway", "GameCloud.Orleans.Gateway\GameCloud.Orleans.Gateway.csproj", "{AC5F7FFB-06F1-4584-BFCB-4DE86C3E1AEE}"
EndProject
Project("{FAE04EC0-301F-11D3-BF4B-00C04F79EFBC}") = "GameCloud.Unity.Common", "GameCloud.Unity.Common\GameCloud.Unity.Common.csproj", "{4A1A0894-DC8E-4D16-B920-064B77C9E781}"
EndProject
Project("{FAE04EC0-301F-11D3-BF4B-00C04F79EFBC}") = "GameCloud.Unity.Sqlite", "GameCloud.Unity.Sqlite\GameCloud.Unity.Sqlite.csproj", "{47B5D60F-BE8D-4CCF-8125-800B991A6502}"
EndProject
Project("{FAE04EC0-301F-11D3-BF4B-00C04F79EFBC}") = "Test.Unity.Common", "Test.Unity.Common\Test.Unity.Common.csproj", "{58DF64EB-36CC-4A6F-9791-303D429FE549}"
EndProject
Project("{FF286327-C783-4F7A-AB73-9BCBAD0D4460}") = "GameCloud.Unity.Common", "NuGet\GameCloud.Unity.Common\GameCloud.Unity.Common.nuproj", "{5D96F951-8832-4E76-91E3-78AEA6A4BB07}"
EndProject
Global
	GlobalSection(SolutionConfigurationPlatforms) = preSolution
		Debug|Any CPU = Debug|Any CPU
		Release|Any CPU = Release|Any CPU
	EndGlobalSection
	GlobalSection(ProjectConfigurationPlatforms) = postSolution
		{95777C31-1698-4EB5-B86E-1394DB9FBF76}.Debug|Any CPU.ActiveCfg = Debug|Any CPU
		{95777C31-1698-4EB5-B86E-1394DB9FBF76}.Debug|Any CPU.Build.0 = Debug|Any CPU
		{95777C31-1698-4EB5-B86E-1394DB9FBF76}.Release|Any CPU.ActiveCfg = Release|Any CPU
		{95777C31-1698-4EB5-B86E-1394DB9FBF76}.Release|Any CPU.Build.0 = Release|Any CPU
		{20BF1364-332F-4D82-A989-036F5C7EDE09}.Debug|Any CPU.ActiveCfg = Debug|Any CPU
		{20BF1364-332F-4D82-A989-036F5C7EDE09}.Debug|Any CPU.Build.0 = Debug|Any CPU
		{20BF1364-332F-4D82-A989-036F5C7EDE09}.Release|Any CPU.ActiveCfg = Release|Any CPU
		{20BF1364-332F-4D82-A989-036F5C7EDE09}.Release|Any CPU.Build.0 = Release|Any CPU
		{AC5F7FFB-06F1-4584-BFCB-4DE86C3E1AEE}.Debug|Any CPU.ActiveCfg = Debug|Any CPU
		{AC5F7FFB-06F1-4584-BFCB-4DE86C3E1AEE}.Debug|Any CPU.Build.0 = Debug|Any CPU
		{AC5F7FFB-06F1-4584-BFCB-4DE86C3E1AEE}.Release|Any CPU.ActiveCfg = Release|Any CPU
		{AC5F7FFB-06F1-4584-BFCB-4DE86C3E1AEE}.Release|Any CPU.Build.0 = Release|Any CPU
		{4A1A0894-DC8E-4D16-B920-064B77C9E781}.Debug|Any CPU.ActiveCfg = Debug|Any CPU
		{4A1A0894-DC8E-4D16-B920-064B77C9E781}.Debug|Any CPU.Build.0 = Debug|Any CPU
		{4A1A0894-DC8E-4D16-B920-064B77C9E781}.Release|Any CPU.ActiveCfg = Release|Any CPU
		{4A1A0894-DC8E-4D16-B920-064B77C9E781}.Release|Any CPU.Build.0 = Release|Any CPU
		{47B5D60F-BE8D-4CCF-8125-800B991A6502}.Debug|Any CPU.ActiveCfg = Debug|Any CPU
		{47B5D60F-BE8D-4CCF-8125-800B991A6502}.Debug|Any CPU.Build.0 = Debug|Any CPU
		{47B5D60F-BE8D-4CCF-8125-800B991A6502}.Release|Any CPU.ActiveCfg = Release|Any CPU
		{47B5D60F-BE8D-4CCF-8125-800B991A6502}.Release|Any CPU.Build.0 = Release|Any CPU
		{58DF64EB-36CC-4A6F-9791-303D429FE549}.Debug|Any CPU.ActiveCfg = Debug|Any CPU
		{58DF64EB-36CC-4A6F-9791-303D429FE549}.Debug|Any CPU.Build.0 = Debug|Any CPU
		{58DF64EB-36CC-4A6F-9791-303D429FE549}.Release|Any CPU.ActiveCfg = Release|Any CPU
		{58DF64EB-36CC-4A6F-9791-303D429FE549}.Release|Any CPU.Build.0 = Release|Any CPU
		{5D96F951-8832-4E76-91E3-78AEA6A4BB07}.Debug|Any CPU.ActiveCfg = Debug|Any CPU
		{5D96F951-8832-4E76-91E3-78AEA6A4BB07}.Debug|Any CPU.Build.0 = Debug|Any CPU
		{5D96F951-8832-4E76-91E3-78AEA6A4BB07}.Release|Any CPU.ActiveCfg = Release|Any CPU
		{5D96F951-8832-4E76-91E3-78AEA6A4BB07}.Release|Any CPU.Build.0 = Release|Any CPU
	EndGlobalSection
	GlobalSection(SolutionProperties) = preSolution
		HideSolutionNode = FALSE
	EndGlobalSection
	GlobalSection(NestedProjects) = preSolution
		{20BF1364-332F-4D82-A989-036F5C7EDE09} = {46C1C240-9478-401B-B6C2-3BFC9F9FB0A5}
		{5D96F951-8832-4E76-91E3-78AEA6A4BB07} = {46C1C240-9478-401B-B6C2-3BFC9F9FB0A5}
	EndGlobalSection
	GlobalSection(ExtensibilityGlobals) = postSolution
		EnterpriseLibraryConfigurationToolBinariesPathV6 = packages\EnterpriseLibrary.TransientFaultHandling.6.0.1304.0\lib\portable-net45+win+wp8
	EndGlobalSection
EndGlobal
